
Microsoft Visual Studio Solution File, Format Version 12.00
# Visual Studio Version 17
VisualStudioVersion = 17.11.35222.181
MinimumVisualStudioVersion = 10.0.40219.1
Project("{FAE04EC0-301F-11D3-BF4B-00C04F79EFBC}") = "Forum", "Forum\Forum.csproj", "{8D6DA700-67D9-46A6-885F-134BB7AD73E5}"
EndProject
Global
	GlobalSection(SolutionConfigurationPlatforms) = preSolution
		Debug|Any CPU = Debug|Any CPU
		Release|Any CPU = Release|Any CPU
	EndGlobalSection
	GlobalSection(ProjectConfigurationPlatforms) = postSolution
		{8D6DA700-67D9-46A6-885F-134BB7AD73E5}.Debug|Any CPU.ActiveCfg = Debug|Any CPU
		{8D6DA700-67D9-46A6-885F-134BB7AD73E5}.Debug|Any CPU.Build.0 = Debug|Any CPU
		{8D6DA700-67D9-46A6-885F-134BB7AD73E5}.Release|Any CPU.ActiveCfg = Release|Any CPU
		{8D6DA700-67D9-46A6-885F-134BB7AD73E5}.Release|Any CPU.Build.0 = Release|Any CPU
	EndGlobalSection
	GlobalSection(SolutionProperties) = preSolution
		HideSolutionNode = FALSE
	EndGlobalSection
	GlobalSection(ExtensibilityGlobals) = postSolution
		SolutionGuid = {95155616-C02D-4E00-8897-A463C1DD2BE3}
	EndGlobalSection
EndGlobal
